
Microsoft Visual Studio Solution File, Format Version 12.00
# Visual Studio Version 16
VisualStudioVersion = 16.0.30523.141
MinimumVisualStudioVersion = 10.0.40219.1
Project("{9A19103F-16F7-4668-BE54-9A1E7A4F7556}") = "Databases", "Databases\Databases.csproj", "{53F59654-CCF1-46D3-88F9-23383802E34E}"
EndProject
Global
	GlobalSection(SolutionConfigurationPlatforms) = preSolution
		Debug|Any CPU = Debug|Any CPU
		Release|Any CPU = Release|Any CPU
	EndGlobalSection
	GlobalSection(ProjectConfigurationPlatforms) = postSolution
		{53F59654-CCF1-46D3-88F9-23383802E34E}.Debug|Any CPU.ActiveCfg = Debug|Any CPU
		{53F59654-CCF1-46D3-88F9-23383802E34E}.Debug|Any CPU.Build.0 = Debug|Any CPU
		{53F59654-CCF1-46D3-88F9-23383802E34E}.Release|Any CPU.ActiveCfg = Release|Any CPU
		{53F59654-CCF1-46D3-88F9-23383802E34E}.Release|Any CPU.Build.0 = Release|Any CPU
	EndGlobalSection
	GlobalSection(SolutionProperties) = preSolution
		HideSolutionNode = FALSE
	EndGlobalSection
	GlobalSection(ExtensibilityGlobals) = postSolution
		SolutionGuid = {59350125-3DB1-4E30-B17E-5C78E96AAFC9}
	EndGlobalSection
EndGlobal
